
Microsoft Visual Studio Solution File, Format Version 11.00
# Visual Studio 2010
Project("{FAE04EC0-301F-11D3-BF4B-00C04F79EFBC}") = "ALNWebsite", "ALNWebsite.csproj", "{571860C1-4590-44E2-A38B-86CF746E5EE7}"
EndProject
Global
	GlobalSection(SolutionConfigurationPlatforms) = preSolution
		Debug|Any CPU = Debug|Any CPU
		Release|Any CPU = Release|Any CPU
	EndGlobalSection
	GlobalSection(ProjectConfigurationPlatforms) = postSolution
		{571860C1-4590-44E2-A38B-86CF746E5EE7}.Debug|Any CPU.ActiveCfg = Debug|Any CPU
		{571860C1-4590-44E2-A38B-86CF746E5EE7}.Debug|Any CPU.Build.0 = Debug|Any CPU
		{571860C1-4590-44E2-A38B-86CF746E5EE7}.Release|Any CPU.ActiveCfg = Release|Any CPU
		{571860C1-4590-44E2-A38B-86CF746E5EE7}.Release|Any CPU.Build.0 = Release|Any CPU
	EndGlobalSection
	GlobalSection(SolutionProperties) = preSolution
		HideSolutionNode = FALSE
	EndGlobalSection
EndGlobal
